
Microsoft Visual Studio Solution File, Format Version 12.00
# Visual Studio Version 17
VisualStudioVersion = 17.3.32819.101
MinimumVisualStudioVersion = 10.0.40219.1
Project("{FAE04EC0-301F-11D3-BF4B-00C04F79EFBC}") = "PDA", "PDA\PDA.csproj", "{994735F8-4659-4995-B19F-EF7A820B3800}"
EndProject
Global
	GlobalSection(SolutionConfigurationPlatforms) = preSolution
		Debug|Any CPU = Debug|Any CPU
		Release|Any CPU = Release|Any CPU
	EndGlobalSection
	GlobalSection(ProjectConfigurationPlatforms) = postSolution
		{994735F8-4659-4995-B19F-EF7A820B3800}.Debug|Any CPU.ActiveCfg = Debug|Any CPU
		{994735F8-4659-4995-B19F-EF7A820B3800}.Debug|Any CPU.Build.0 = Debug|Any CPU
		{994735F8-4659-4995-B19F-EF7A820B3800}.Release|Any CPU.ActiveCfg = Release|Any CPU
		{994735F8-4659-4995-B19F-EF7A820B3800}.Release|Any CPU.Build.0 = Release|Any CPU
	EndGlobalSection
	GlobalSection(SolutionProperties) = preSolution
		HideSolutionNode = FALSE
	EndGlobalSection
	GlobalSection(ExtensibilityGlobals) = postSolution
		SolutionGuid = {70B0BCDC-41A7-423D-99E7-E013DE14D22E}
	EndGlobalSection
EndGlobal
